// !$*UTF8*$!
{
	archiveVersion = 1;
	classes = {
	};
	objectVersion = 46;
	objects = {

/* Begin PBXBuildFile section */
		C75173671D4B119500D72258 /* AppDelegate.swift in Sources */ = {isa = PBXBuildFile; fileRef = C75173661D4B119500D72258 /* AppDelegate.swift */; };
		C75173691D4B119500D72258 /* ViewController.swift in Sources */ = {isa = PBXBuildFile; fileRef = C75173681D4B119500D72258 /* ViewController.swift */; };
		C751736C1D4B119500D72258 /* Main.storyboard in Resources */ = {isa = PBXBuildFile; fileRef = C751736A1D4B119500D72258 /* Main.storyboard */; };
		C751736E1D4B119500D72258 /* Assets.xcassets in Resources */ = {isa = PBXBuildFile; fileRef = C751736D1D4B119500D72258 /* Assets.xcassets */; };
		C75173711D4B119500D72258 /* LaunchScreen.storyboard in Resources */ = {isa = PBXBuildFile; fileRef = C751736F1D4B119500D72258 /* LaunchScreen.storyboard */; };
/* End PBXBuildFile section */

/* Begin PBXFileReference section */
		C75173631D4B119500D72258 /* CustomizeCell.app */ = {isa = PBXFileReference; explicitFileType = wrapper.application; includeInIndex = 0; path = CustomizeCell.app; sourceTree = BUILT_PRODUCTS_DIR; };
		C75173661D4B119500D72258 /* AppDelegate.swift */ = {isa = PBXFileReference; lastKnownFileType = sourcecode.swift; path = AppDelegate.swift; sourceTree = "<group>"; };
		C75173681D4B119500D72258 /* ViewController.swift */ = {isa = PBXFileReference; lastKnownFileType = sourcecode.swift; path = ViewController.swift; sourceTree = "<group>"; };
		C751736B1D4B119500D72258 /* Base */ = {isa = PBXFileReference; lastKnownFileType = file.storyboard; name = Base; path = Base.lproj/Main.storyboard; sourceTree = "<group>"; };
		C751736D1D4B119500D72258 /* Assets.xcassets */ = {isa = PBXFileReference; lastKnownFileType = folder.assetcatalog; path = Assets.xcassets; sourceTree = "<group>"; };
		C75173701D4B119500D72258 /* Base */ = {isa = PBXFileReference; lastKnownFileType = file.storyboard; name = Base; path = Base.lproj/LaunchScreen.storyboard; sourceTree = "<group>"; };
		C75173721D4B119500D72258 /* Info.plist */ = {isa = PBXFileReference; lastKnownFileType = text.plist.xml; path = Info.plist; sourceTree = "<group>"; };
/* End PBXFileReference section */

/* Begin PBXFrameworksBuildPhase section */
		C75173601D4B119500D72258 /* Frameworks */ = {
			isa = PBXFrameworksBuildPhase;
			buildActionMask = 2147483647;
			files = (
			);
			runOnlyForDeploymentPostprocessing = 0;
		};
/* End PBXFrameworksBuildPhase section */

/* Begin PBXGroup section */
		C751735A1D4B119500D72258 = {
			isa = PBXGroup;
			children = (
				C75173651D4B119500D72258 /* CustomizeCell */,
				C75173641D4B119500D72258 /* Products */,
			);
			sourceTree = "<group>";
		};
		C75173641D4B119500D72258 /* Products */ = {
			isa = PBXGroup;
			children = (
				C75173631D4B119500D72258 /* CustomizeCell.app */,
			);
			name = Products;
			sourceTree = "<group>";
		};
		C75173651D4B119500D72258 /* CustomizeCell */ = {
			isa = PBXGroup;
			children = (
				C75173661D4B119500D72258 /* AppDelegate.swift */,
				C75173681D4B119500D72258 /* ViewController.swift */,
				C751736A1D4B119500D72258 /* Main.storyboard */,
				C751736D1D4B119500D72258 /* Assets.xcassets */,
				C751736F1D4B119500D72258 /* LaunchScreen.storyboard */,
				C75173721D4B119500D72258 /* Info.plist */,
			);
			path = CustomizeCell;
			sourceTree = "<group>";
		};
/* End PBXGroup section */

/* Begin PBXNativeTarget section */
		C75173621D4B119500D72258 /* CustomizeCell */ = {
			isa = PBXNativeTarget;
			buildConfigurationList = C75173751D4B119500D72258 /* Build configuration list for PBXNativeTarget "CustomizeCell" */;
			buildPhases = (
				C751735F1D4B119500D72258 /* Sources */,
				C75173601D4B119500D72258 /* Frameworks */,
				C75173611D4B119500D72258 /* Resources */,
			);
			buildRules = (
			);
			dependencies = (
			);
			name = CustomizeCell;
			productName = CustomizeCell;
			productReference = C75173631D4B119500D72258 /* CustomizeCell.app */;
			productType = "com.apple.product-type.application";
		};
/* End PBXNativeTarget section */

/* Begin PBXProject section */
		C751735B1D4B119500D72258 /* Project object */ = {
			isa = PBXProject;
			attributes = {
				LastSwiftUpdateCheck = 0730;
				LastUpgradeCheck = 0730;
				ORGANIZATIONNAME = "le ha thanh";
				TargetAttributes = {
					C75173621D4B119500D72258 = {
						CreatedOnToolsVersion = 7.3.1;
					};
				};
			};
			buildConfigurationList = C751735E1D4B119500D72258 /* Build configuration list for PBXProject "CustomizeCell" */;
			compatibilityVersion = "Xcode 3.2";
			developmentRegion = English;
			hasScannedForEncodings = 0;
			knownRegions = (
				en,
				Base,
			);
			mainGroup = C751735A1D4B119500D72258;
			productRefGroup = C75173641D4B119500D72258 /* Products */;
			projectDirPath = "";
			projectRoot = "";
			targets = (
				C75173621D4B119500D72258 /* CustomizeCell */,
			);
		};
/* End PBXProject section */

/* Begin PBXResourcesBuildPhase section */
		C75173611D4B119500D72258 /* Resources */ = {
			isa = PBXResourcesBuildPhase;
			buildActionMask = 2147483647;
			files = (
				C75173711D4B119500D72258 /* LaunchScreen.storyboard in Resources */,
				C751736E1D4B119500D72258 /* Assets.xcassets in Resources */,
				C751736C1D4B119500D72258 /* Main.storyboard in Resources */,
			);
			runOnlyForDeploymentPostprocessing = 0;
		};
/* End PBXResourcesBuildPhase section */

/* Begin PBXSourcesBuildPhase section */
		C751735F1D4B119500D72258 /* Sources */ = {
			isa = PBXSourcesBuildPhase;
			buildActionMask = 2147483647;
			files = (
				C75173691D4B119500D72258 /* ViewController.swift in Sources */,
				C75173671D4B119500D72258 /* AppDelegate.swift in Sources */,
			);
			runOnlyForDeploymentPostprocessing = 0;
		};
/* End PBXSourcesBuildPhase section */

/* Begin PBXVariantGroup section */
		C751736A1D4B119500D72258 /* Main.storyboard */ = {
			isa = PBXVariantGroup;
			children = (
				C751736B1D4B119500D72258 /* Base */,
			);
			name = Main.storyboard;
			sourceTree = "<group>";
		};
		C751736F1D4B119500D72258 /* LaunchScreen.storyboard */ = {
			isa = PBXVariantGroup;
			children = (
				C75173701D4B119500D72258 /* Base */,
			);
			name = LaunchScreen.storyboard;
			sourceTree = "<group>";
		};
/* End PBXVariantGroup section */

/* Begin XCBuildConfiguration section */
		C75173731D4B119500D72258 /* Debug */ = {
			isa = XCBuildConfiguration;
			buildSettings = {
				ALWAYS_SEARCH_USER_PATHS = NO;
				CLANG_ANALYZER_NONNULL = YES;
				CLANG_CXX_LANGUAGE_STANDARD = "gnu++0x";
				CLANG_CXX_LIBRARY = "libc++";
				CLANG_ENABLE_MODULES = YES;
				CLANG_ENABLE_OBJC_ARC = YES;
				CLANG_WARN_BOOL_CONVERSION = YES;
				CLANG_WARN_CONSTANT_CONVERSION = YES;
				CLANG_WARN_DIRECT_OBJC_ISA_USAGE = YES_ERROR;
				CLANG_WARN_EMPTY_BODY = YES;
				CLANG_WARN_ENUM_CONVERSION = YES;
				CLANG_WARN_INT_CONVERSION = YES;
				CLANG_WARN_OBJC_ROOT_CLASS = YES_ERROR;
				CLANG_WARN_UNREACHABLE_CODE = YES;
				CLANG_WARN__DUPLICATE_METHOD_MATCH = YES;
				"CODE_SIGN_IDENTITY[sdk=iphoneos*]" = "iPhone Developer";
				COPY_PHASE_STRIP = NO;
				DEBUG_INFORMATION_FORMAT = dwarf;
				ENABLE_STRICT_OBJC_MSGSEND = YES;
				ENABLE_TESTABILITY = YES;
				GCC_C_LANGUAGE_STANDARD = gnu99;
				GCC_DYNAMIC_NO_PIC = NO;
				GCC_NO_COMMON_BLOCKS = YES;
				GCC_OPTIMIZATION_LEVEL = 0;
				GCC_PREPROCESSOR_DEFINITIONS = (
					"DEBUG=1",
					"$(inherited)",
				);
				GCC_WARN_64_TO_32_BIT_CONVERSION = YES;
				GCC_WARN_ABOUT_RETURN_TYPE = YES_ERROR;
				GCC_WARN_UNDECLARED_SELECTOR = YES;
				GCC_WARN_UNINITIALIZED_AUTOS = YES_AGGRESSIVE;
				GCC_WARN_UNUSED_FUNCTION = YES;
				GCC_WARN_UNUSED_VARIABLE = YES;
				IPHONEOS_DEPLOYMENT_TARGET = 9.3;
				MTL_ENABLE_DEBUG_INFO = YES;
				ONLY_ACTIVE_ARCH = YES;
				SDKROOT = iphoneos;
				SWIFT_OPTIMIZATION_LEVEL = "-Onone";
			};
			name = Debug;
		};
		C75173741D4B119500D72258 /* Release */ = {
			isa = XCBuildConfiguration;
			buildSettings = {
				ALWAYS_SEARCH_USER_PATHS = NO;
				CLANG_ANALYZER_NONNULL = YES;
				CLANG_CXX_LANGUAGE_STANDARD = "gnu++0x";
				CLANG_CXX_LIBRARY = "libc++";
				CLANG_ENABLE_MODULES = YES;
				CLANG_ENABLE_OBJC_ARC = YES;
				CLANG_WARN_BOOL_CONVERSION = YES;
				CLANG_WARN_CONSTANT_CONVERSION = YES;
				CLANG_WARN_DIRECT_OBJC_ISA_USAGE = YES_ERROR;
				CLANG_WARN_EMPTY_BODY = YES;
				CLANG_WARN_ENUM_CONVERSION = YES;
				CLANG_WARN_INT_CONVERSION = YES;
				CLANG_WARN_OBJC_ROOT_CLASS = YES_ERROR;
				CLANG_WARN_UNREACHABLE_CODE = YES;
				CLANG_WARN__DUPLICATE_METHOD_MATCH = YES;
				"CODE_SIGN_IDENTITY[sdk=iphoneos*]" = "iPhone Developer";
				COPY_PHASE_STRIP = NO;
				DEBUG_INFORMATION_FORMAT = "dwarf-with-dsym";
				ENABLE_NS_ASSERTIONS = NO;
				ENABLE_STRICT_OBJC_MSGSEND = YES;
				GCC_C_LANGUAGE_STANDARD = gnu99;
				GCC_NO_COMMON_BLOCKS = YES;
				GCC_WARN_64_TO_32_BIT_CONVERSION = YES;
				GCC_WARN_ABOUT_RETURN_TYPE = YES_ERROR;
				GCC_WARN_UNDECLARED_SELECTOR = YES;
				GCC_WARN_UNINITIALIZED_AUTOS = YES_AGGRESSIVE;
				GCC_WARN_UNUSED_FUNCTION = YES;
				GCC_WARN_UNUSED_VARIABLE = YES;
				IPHONEOS_DEPLOYMENT_TARGET = 9.3;
				MTL_ENABLE_DEBUG_INFO = NO;
				SDKROOT = iphoneos;
				VALIDATE_PRODUCT = YES;
			};
			name = Release;
		};
		C75173761D4B119500D72258 /* Debug */ = {
			isa = XCBuildConfiguration;
			buildSettings = {
				ASSETCATALOG_COMPILER_APPICON_NAME = AppIcon;
				INFOPLIST_FILE = CustomizeCell/Info.plist;
				LD_RUNPATH_SEARCH_PATHS = "$(inherited) @executable_path/Frameworks";
				PRODUCT_BUNDLE_IDENTIFIER = superman.CustomizeCell;
				PRODUCT_NAME = "$(TARGET_NAME)";
			};
			name = Debug;
		};
		C75173771D4B119500D72258 /* Release */ = {
			isa = XCBuildConfiguration;
			buildSettings = {
				ASSETCATALOG_COMPILER_APPICON_NAME = AppIcon;
				INFOPLIST_FILE = CustomizeCell/Info.plist;
				LD_RUNPATH_SEARCH_PATHS = "$(inherited) @executable_path/Frameworks";
				PRODUCT_BUNDLE_IDENTIFIER = superman.CustomizeCell;
				PRODUCT_NAME = "$(TARGET_NAME)";
			};
			name = Release;
		};
/* End XCBuildConfiguration section */

/* Begin XCConfigurationList section */
		C751735E1D4B119500D72258 /* Build configuration list for PBXProject "CustomizeCell" */ = {
			isa = XCConfigurationList;
			buildConfigurations = (
				C75173731D4B119500D72258 /* Debug */,
				C75173741D4B119500D72258 /* Release */,
			);
			defaultConfigurationIsVisible = 0;
			defaultConfigurationName = Release;
		};
		C75173751D4B119500D72258 /* Build configuration list for PBXNativeTarget "CustomizeCell" */ = {
			isa = XCConfigurationList;
			buildConfigurations = (
				C75173761D4B119500D72258 /* Debug */,
				C75173771D4B119500D72258 /* Release */,
			);
			defaultConfigurationIsVisible = 0;
		};
/* End XCConfigurationList section */
	};
	rootObject = C751735B1D4B119500D72258 /* Project object */;
}
